
Microsoft Visual Studio Solution File, Format Version 12.00
Project("{2150E333-8FDC-42A3-9474-1A3956D46DE8}") = "Lab1", "Lab1", "{F98CCB83-322E-422D-A064-344A3CB607CA}"
EndProject
Project("{FAE04EC0-301F-11D3-BF4B-00C04F79EFBC}") = "Lab1.Core", "Labs1\Lab1.Core\Lab1.Core.csproj", "{1C97DB90-F228-4F46-8A72-30F068A96513}"
EndProject
Project("{FAE04EC0-301F-11D3-BF4B-00C04F79EFBC}") = "Lab1.Tests", "Labs1\Lab1.Tests\Lab1.Tests.csproj", "{BEB9124C-39E3-45AA-B351-6F62B73E55D5}"
EndProject
Project("{2150E333-8FDC-42A3-9474-1A3956D46DE8}") = "Lab2", "Lab2", "{E4F2D059-BBFE-41BB-9CA3-C89713A73023}"
EndProject
Project("{FAE04EC0-301F-11D3-BF4B-00C04F79EFBC}") = "Lab2.Tests", "Labs2\Lab2.Tests\Lab2.Tests.csproj", "{8ABC8414-5DB7-419D-AC4D-DDE6A92AF691}"
EndProject
Project("{FAE04EC0-301F-11D3-BF4B-00C04F79EFBC}") = "Lab2.Core", "Labs2\Lab2.Core\Lab2.Core.csproj", "{1E57BCE3-5C39-47BA-B0CF-E72B167D2AFF}"
EndProject
Project("{2150E333-8FDC-42A3-9474-1A3956D46DE8}") = "Lab3", "Lab3", "{59E7750E-29A6-4819-AC5C-EB6E7D01B5F3}"
EndProject
Project("{FAE04EC0-301F-11D3-BF4B-00C04F79EFBC}") = "Lab3.Core", "Labs3\Lab3.Core\Lab3.Core.csproj", "{1B425D0F-A84F-4475-AADE-CF521338A4B8}"
EndProject
Project("{FAE04EC0-301F-11D3-BF4B-00C04F79EFBC}") = "Lab3.Tests", "Labs3\Lab3.Tests\Lab3.Tests.csproj", "{550B6496-D14E-4BF9-9372-09AA90BF00E5}"
EndProject
Project("{2150E333-8FDC-42A3-9474-1A3956D46DE8}") = "Lab4", "Lab4", "{E84EEF39-0D5B-4812-9294-B0E161308055}"
EndProject
Project("{FAE04EC0-301F-11D3-BF4B-00C04F79EFBC}") = "Lab4.Core", "Labs4\Lab4.Core\Lab4.Core.csproj", "{CC13F9A7-F4CF-4174-98E5-BC0684C561C5}"
EndProject
Project("{FAE04EC0-301F-11D3-BF4B-00C04F79EFBC}") = "Lab4.Tests", "Labs4\Lab4.Tests\Lab4.Tests.csproj", "{2621683E-96CA-48D9-83B6-E55B6A4CE3C4}"
EndProject
Global
	GlobalSection(SolutionConfigurationPlatforms) = preSolution
		Debug|Any CPU = Debug|Any CPU
		Release|Any CPU = Release|Any CPU
	EndGlobalSection
	GlobalSection(NestedProjects) = preSolution
		{1C97DB90-F228-4F46-8A72-30F068A96513} = {F98CCB83-322E-422D-A064-344A3CB607CA}
		{BEB9124C-39E3-45AA-B351-6F62B73E55D5} = {F98CCB83-322E-422D-A064-344A3CB607CA}
		{8ABC8414-5DB7-419D-AC4D-DDE6A92AF691} = {E4F2D059-BBFE-41BB-9CA3-C89713A73023}
		{1E57BCE3-5C39-47BA-B0CF-E72B167D2AFF} = {E4F2D059-BBFE-41BB-9CA3-C89713A73023}
		{1B425D0F-A84F-4475-AADE-CF521338A4B8} = {59E7750E-29A6-4819-AC5C-EB6E7D01B5F3}
		{550B6496-D14E-4BF9-9372-09AA90BF00E5} = {59E7750E-29A6-4819-AC5C-EB6E7D01B5F3}
		{CC13F9A7-F4CF-4174-98E5-BC0684C561C5} = {E84EEF39-0D5B-4812-9294-B0E161308055}
		{2621683E-96CA-48D9-83B6-E55B6A4CE3C4} = {E84EEF39-0D5B-4812-9294-B0E161308055}
	EndGlobalSection
	GlobalSection(ProjectConfigurationPlatforms) = postSolution
		{1C97DB90-F228-4F46-8A72-30F068A96513}.Debug|Any CPU.ActiveCfg = Debug|Any CPU
		{1C97DB90-F228-4F46-8A72-30F068A96513}.Debug|Any CPU.Build.0 = Debug|Any CPU
		{1C97DB90-F228-4F46-8A72-30F068A96513}.Release|Any CPU.ActiveCfg = Release|Any CPU
		{1C97DB90-F228-4F46-8A72-30F068A96513}.Release|Any CPU.Build.0 = Release|Any CPU
		{BEB9124C-39E3-45AA-B351-6F62B73E55D5}.Debug|Any CPU.ActiveCfg = Debug|Any CPU
		{BEB9124C-39E3-45AA-B351-6F62B73E55D5}.Debug|Any CPU.Build.0 = Debug|Any CPU
		{BEB9124C-39E3-45AA-B351-6F62B73E55D5}.Release|Any CPU.ActiveCfg = Release|Any CPU
		{BEB9124C-39E3-45AA-B351-6F62B73E55D5}.Release|Any CPU.Build.0 = Release|Any CPU
		{8ABC8414-5DB7-419D-AC4D-DDE6A92AF691}.Debug|Any CPU.ActiveCfg = Debug|Any CPU
		{8ABC8414-5DB7-419D-AC4D-DDE6A92AF691}.Debug|Any CPU.Build.0 = Debug|Any CPU
		{8ABC8414-5DB7-419D-AC4D-DDE6A92AF691}.Release|Any CPU.ActiveCfg = Release|Any CPU
		{8ABC8414-5DB7-419D-AC4D-DDE6A92AF691}.Release|Any CPU.Build.0 = Release|Any CPU
		{1E57BCE3-5C39-47BA-B0CF-E72B167D2AFF}.Debug|Any CPU.ActiveCfg = Debug|Any CPU
		{1E57BCE3-5C39-47BA-B0CF-E72B167D2AFF}.Debug|Any CPU.Build.0 = Debug|Any CPU
		{1E57BCE3-5C39-47BA-B0CF-E72B167D2AFF}.Release|Any CPU.ActiveCfg = Release|Any CPU
		{1E57BCE3-5C39-47BA-B0CF-E72B167D2AFF}.Release|Any CPU.Build.0 = Release|Any CPU
		{1B425D0F-A84F-4475-AADE-CF521338A4B8}.Debug|Any CPU.ActiveCfg = Debug|Any CPU
		{1B425D0F-A84F-4475-AADE-CF521338A4B8}.Debug|Any CPU.Build.0 = Debug|Any CPU
		{1B425D0F-A84F-4475-AADE-CF521338A4B8}.Release|Any CPU.ActiveCfg = Release|Any CPU
		{1B425D0F-A84F-4475-AADE-CF521338A4B8}.Release|Any CPU.Build.0 = Release|Any CPU
		{550B6496-D14E-4BF9-9372-09AA90BF00E5}.Debug|Any CPU.ActiveCfg = Debug|Any CPU
		{550B6496-D14E-4BF9-9372-09AA90BF00E5}.Debug|Any CPU.Build.0 = Debug|Any CPU
		{550B6496-D14E-4BF9-9372-09AA90BF00E5}.Release|Any CPU.ActiveCfg = Release|Any CPU
		{550B6496-D14E-4BF9-9372-09AA90BF00E5}.Release|Any CPU.Build.0 = Release|Any CPU
		{CC13F9A7-F4CF-4174-98E5-BC0684C561C5}.Debug|Any CPU.ActiveCfg = Debug|Any CPU
		{CC13F9A7-F4CF-4174-98E5-BC0684C561C5}.Debug|Any CPU.Build.0 = Debug|Any CPU
		{CC13F9A7-F4CF-4174-98E5-BC0684C561C5}.Release|Any CPU.ActiveCfg = Release|Any CPU
		{CC13F9A7-F4CF-4174-98E5-BC0684C561C5}.Release|Any CPU.Build.0 = Release|Any CPU
		{2621683E-96CA-48D9-83B6-E55B6A4CE3C4}.Debug|Any CPU.ActiveCfg = Debug|Any CPU
		{2621683E-96CA-48D9-83B6-E55B6A4CE3C4}.Debug|Any CPU.Build.0 = Debug|Any CPU
		{2621683E-96CA-48D9-83B6-E55B6A4CE3C4}.Release|Any CPU.ActiveCfg = Release|Any CPU
		{2621683E-96CA-48D9-83B6-E55B6A4CE3C4}.Release|Any CPU.Build.0 = Release|Any CPU
	EndGlobalSection
EndGlobal
